
Microsoft Visual Studio Solution File, Format Version 12.00
# Visual Studio 15
VisualStudioVersion = 15.0.26124.0
MinimumVisualStudioVersion = 15.0.26124.0
Project("{FAE04EC0-301F-11D3-BF4B-00C04F79EFBC}") = "KeepItSafer.Crypto", "KeepItSafer.Crypto\KeepItSafer.Crypto.csproj", "{FF5DFF07-874D-45B4-92C2-B6C55B00FFCE}"
EndProject
Project("{FAE04EC0-301F-11D3-BF4B-00C04F79EFBC}") = "KeepItSafer.Crypto.Tests", "KeepItSafer.Crypto.Tests\KeepItSafer.Crypto.Tests.csproj", "{4013AFE4-3ECF-4BA3-8218-961F3F7DA669}"
EndProject
Project("{FAE04EC0-301F-11D3-BF4B-00C04F79EFBC}") = "KeepItSafer.Web", "KeepItSafer.Web\KeepItSafer.Web.csproj", "{5F9D675B-E894-42B2-BD2C-3A627859A59E}"
EndProject
Project("{FAE04EC0-301F-11D3-BF4B-00C04F79EFBC}") = "KeepItSafer.Web.Tests", "KeepItSafer.Web.Tests\KeepItSafer.Web.Tests.csproj", "{EFD2E6E5-64A6-4E2D-B312-5705EF993F99}"
EndProject
Project("{FAE04EC0-301F-11D3-BF4B-00C04F79EFBC}") = "KeepItSafer.Cli", "KeepItSafer.Cli\KeepItSafer.Cli.csproj", "{A2FD975C-5E74-4CD6-AC17-34E0FA04E6EA}"
EndProject
Global
	GlobalSection(SolutionConfigurationPlatforms) = preSolution
		Debug|Any CPU = Debug|Any CPU
		Debug|x64 = Debug|x64
		Debug|x86 = Debug|x86
		Release|Any CPU = Release|Any CPU
		Release|x64 = Release|x64
		Release|x86 = Release|x86
	EndGlobalSection
	GlobalSection(SolutionProperties) = preSolution
		HideSolutionNode = FALSE
	EndGlobalSection
	GlobalSection(ProjectConfigurationPlatforms) = postSolution
		{5F9D675B-E894-42B2-BD2C-3A627859A59E}.Debug|Any CPU.ActiveCfg = Debug|Any CPU
		{5F9D675B-E894-42B2-BD2C-3A627859A59E}.Debug|Any CPU.Build.0 = Debug|Any CPU
		{5F9D675B-E894-42B2-BD2C-3A627859A59E}.Debug|x64.ActiveCfg = Debug|Any CPU
		{5F9D675B-E894-42B2-BD2C-3A627859A59E}.Debug|x64.Build.0 = Debug|Any CPU
		{5F9D675B-E894-42B2-BD2C-3A627859A59E}.Debug|x86.ActiveCfg = Debug|Any CPU
		{5F9D675B-E894-42B2-BD2C-3A627859A59E}.Debug|x86.Build.0 = Debug|Any CPU
		{5F9D675B-E894-42B2-BD2C-3A627859A59E}.Release|Any CPU.ActiveCfg = Release|Any CPU
		{5F9D675B-E894-42B2-BD2C-3A627859A59E}.Release|Any CPU.Build.0 = Release|Any CPU
		{5F9D675B-E894-42B2-BD2C-3A627859A59E}.Release|x64.ActiveCfg = Release|Any CPU
		{5F9D675B-E894-42B2-BD2C-3A627859A59E}.Release|x64.Build.0 = Release|Any CPU
		{5F9D675B-E894-42B2-BD2C-3A627859A59E}.Release|x86.ActiveCfg = Release|Any CPU
		{5F9D675B-E894-42B2-BD2C-3A627859A59E}.Release|x86.Build.0 = Release|Any CPU
		{FF5DFF07-874D-45B4-92C2-B6C55B00FFCE}.Debug|Any CPU.ActiveCfg = Debug|Any CPU
		{FF5DFF07-874D-45B4-92C2-B6C55B00FFCE}.Debug|Any CPU.Build.0 = Debug|Any CPU
		{FF5DFF07-874D-45B4-92C2-B6C55B00FFCE}.Debug|x64.ActiveCfg = Debug|Any CPU
		{FF5DFF07-874D-45B4-92C2-B6C55B00FFCE}.Debug|x64.Build.0 = Debug|Any CPU
		{FF5DFF07-874D-45B4-92C2-B6C55B00FFCE}.Debug|x86.ActiveCfg = Debug|Any CPU
		{FF5DFF07-874D-45B4-92C2-B6C55B00FFCE}.Debug|x86.Build.0 = Debug|Any CPU
		{FF5DFF07-874D-45B4-92C2-B6C55B00FFCE}.Release|Any CPU.ActiveCfg = Release|Any CPU
		{FF5DFF07-874D-45B4-92C2-B6C55B00FFCE}.Release|Any CPU.Build.0 = Release|Any CPU
		{FF5DFF07-874D-45B4-92C2-B6C55B00FFCE}.Release|x64.ActiveCfg = Release|Any CPU
		{FF5DFF07-874D-45B4-92C2-B6C55B00FFCE}.Release|x64.Build.0 = Release|Any CPU
		{FF5DFF07-874D-45B4-92C2-B6C55B00FFCE}.Release|x86.ActiveCfg = Release|Any CPU
		{FF5DFF07-874D-45B4-92C2-B6C55B00FFCE}.Release|x86.Build.0 = Release|Any CPU
		{4013AFE4-3ECF-4BA3-8218-961F3F7DA669}.Debug|Any CPU.ActiveCfg = Debug|Any CPU
		{4013AFE4-3ECF-4BA3-8218-961F3F7DA669}.Debug|Any CPU.Build.0 = Debug|Any CPU
		{4013AFE4-3ECF-4BA3-8218-961F3F7DA669}.Debug|x64.ActiveCfg = Debug|Any CPU
		{4013AFE4-3ECF-4BA3-8218-961F3F7DA669}.Debug|x64.Build.0 = Debug|Any CPU
		{4013AFE4-3ECF-4BA3-8218-961F3F7DA669}.Debug|x86.ActiveCfg = Debug|Any CPU
		{4013AFE4-3ECF-4BA3-8218-961F3F7DA669}.Debug|x86.Build.0 = Debug|Any CPU
		{4013AFE4-3ECF-4BA3-8218-961F3F7DA669}.Release|Any CPU.ActiveCfg = Release|Any CPU
		{4013AFE4-3ECF-4BA3-8218-961F3F7DA669}.Release|Any CPU.Build.0 = Release|Any CPU
		{4013AFE4-3ECF-4BA3-8218-961F3F7DA669}.Release|x64.ActiveCfg = Release|Any CPU
		{4013AFE4-3ECF-4BA3-8218-961F3F7DA669}.Release|x64.Build.0 = Release|Any CPU
		{4013AFE4-3ECF-4BA3-8218-961F3F7DA669}.Release|x86.ActiveCfg = Release|Any CPU
		{4013AFE4-3ECF-4BA3-8218-961F3F7DA669}.Release|x86.Build.0 = Release|Any CPU
		{EFD2E6E5-64A6-4E2D-B312-5705EF993F99}.Debug|Any CPU.ActiveCfg = Debug|Any CPU
		{EFD2E6E5-64A6-4E2D-B312-5705EF993F99}.Debug|Any CPU.Build.0 = Debug|Any CPU
		{EFD2E6E5-64A6-4E2D-B312-5705EF993F99}.Debug|x64.ActiveCfg = Debug|Any CPU
		{EFD2E6E5-64A6-4E2D-B312-5705EF993F99}.Debug|x64.Build.0 = Debug|Any CPU
		{EFD2E6E5-64A6-4E2D-B312-5705EF993F99}.Debug|x86.ActiveCfg = Debug|Any CPU
		{EFD2E6E5-64A6-4E2D-B312-5705EF993F99}.Debug|x86.Build.0 = Debug|Any CPU
		{EFD2E6E5-64A6-4E2D-B312-5705EF993F99}.Release|Any CPU.ActiveCfg = Release|Any CPU
		{EFD2E6E5-64A6-4E2D-B312-5705EF993F99}.Release|Any CPU.Build.0 = Release|Any CPU
		{EFD2E6E5-64A6-4E2D-B312-5705EF993F99}.Release|x64.ActiveCfg = Release|Any CPU
		{EFD2E6E5-64A6-4E2D-B312-5705EF993F99}.Release|x64.Build.0 = Release|Any CPU
		{EFD2E6E5-64A6-4E2D-B312-5705EF993F99}.Release|x86.ActiveCfg = Release|Any CPU
		{EFD2E6E5-64A6-4E2D-B312-5705EF993F99}.Release|x86.Build.0 = Release|Any CPU
		{A2FD975C-5E74-4CD6-AC17-34E0FA04E6EA}.Debug|Any CPU.ActiveCfg = Debug|Any CPU
		{A2FD975C-5E74-4CD6-AC17-34E0FA04E6EA}.Debug|Any CPU.Build.0 = Debug|Any CPU
		{A2FD975C-5E74-4CD6-AC17-34E0FA04E6EA}.Debug|x64.ActiveCfg = Debug|Any CPU
		{A2FD975C-5E74-4CD6-AC17-34E0FA04E6EA}.Debug|x64.Build.0 = Debug|Any CPU
		{A2FD975C-5E74-4CD6-AC17-34E0FA04E6EA}.Debug|x86.ActiveCfg = Debug|Any CPU
		{A2FD975C-5E74-4CD6-AC17-34E0FA04E6EA}.Debug|x86.Build.0 = Debug|Any CPU
		{A2FD975C-5E74-4CD6-AC17-34E0FA04E6EA}.Release|Any CPU.ActiveCfg = Release|Any CPU
		{A2FD975C-5E74-4CD6-AC17-34E0FA04E6EA}.Release|Any CPU.Build.0 = Release|Any CPU
		{A2FD975C-5E74-4CD6-AC17-34E0FA04E6EA}.Release|x64.ActiveCfg = Release|Any CPU
		{A2FD975C-5E74-4CD6-AC17-34E0FA04E6EA}.Release|x64.Build.0 = Release|Any CPU
		{A2FD975C-5E74-4CD6-AC17-34E0FA04E6EA}.Release|x86.ActiveCfg = Release|Any CPU
		{A2FD975C-5E74-4CD6-AC17-34E0FA04E6EA}.Release|x86.Build.0 = Release|Any CPU
	EndGlobalSection
EndGlobal
